// !$*UTF8*$!
{
	archiveVersion = 1;
	classes = {
	};
	objectVersion = 56;
	objects = {

/* Begin PBXBuildFile section */
		E0F6CEF32A490AF400F3BB8A /* AppDelegate.swift in Sources */ = {isa = PBXBuildFile; fileRef = E0F6CEF22A490AF400F3BB8A /* AppDelegate.swift */; };
		E0F6CEF52A490AF400F3BB8A /* SceneDelegate.swift in Sources */ = {isa = PBXBuildFile; fileRef = E0F6CEF42A490AF400F3BB8A /* SceneDelegate.swift */; };
		E0F6CEF72A490AF400F3BB8A /* ViewController.swift in Sources */ = {isa = PBXBuildFile; fileRef = E0F6CEF62A490AF400F3BB8A /* ViewController.swift */; };
		E0F6CEFA2A490AF400F3BB8A /* Main.storyboard in Resources */ = {isa = PBXBuildFile; fileRef = E0F6CEF82A490AF400F3BB8A /* Main.storyboard */; };
		E0F6CEFC2A490AF500F3BB8A /* Assets.xcassets in Resources */ = {isa = PBXBuildFile; fileRef = E0F6CEFB2A490AF500F3BB8A /* Assets.xcassets */; };
		E0F6CEFF2A490AF500F3BB8A /* LaunchScreen.storyboard in Resources */ = {isa = PBXBuildFile; fileRef = E0F6CEFD2A490AF500F3BB8A /* LaunchScreen.storyboard */; };
		E0F6CF0C2A490B6E00F3BB8A /* PokemonViewModel.swift in Sources */ = {isa = PBXBuildFile; fileRef = E0F6CF0B2A490B6E00F3BB8A /* PokemonViewModel.swift */; };
		E0F6CF0E2A490C1200F3BB8A /* PokemonController.swift in Sources */ = {isa = PBXBuildFile; fileRef = E0F6CF0D2A490C1200F3BB8A /* PokemonController.swift */; };
		E0F6CF102A490DDB00F3BB8A /* Pokemon.swift in Sources */ = {isa = PBXBuildFile; fileRef = E0F6CF0F2A490DDB00F3BB8A /* Pokemon.swift */; };
		E0F6CF122A490E4000F3BB8A /* Pokemones.swift in Sources */ = {isa = PBXBuildFile; fileRef = E0F6CF112A490E4000F3BB8A /* Pokemones.swift */; };
		E0F6CF142A490E7500F3BB8A /* Tipo.swift in Sources */ = {isa = PBXBuildFile; fileRef = E0F6CF132A490E7500F3BB8A /* Tipo.swift */; };
		E0F6CF162A490EA000F3BB8A /* Result.swift in Sources */ = {isa = PBXBuildFile; fileRef = E0F6CF152A490EA000F3BB8A /* Result.swift */; };
		E0F6CF1C2A49103E00F3BB8A /* pokemonCell.swift in Sources */ = {isa = PBXBuildFile; fileRef = E0F6CF1A2A49103E00F3BB8A /* pokemonCell.swift */; };
		E0F6CF1D2A49103E00F3BB8A /* pokemonCell.xib in Resources */ = {isa = PBXBuildFile; fileRef = E0F6CF1B2A49103E00F3BB8A /* pokemonCell.xib */; };
		E0F6CF212A4924FD00F3BB8A /* DetalleController.swift in Sources */ = {isa = PBXBuildFile; fileRef = E0F6CF202A4924FD00F3BB8A /* DetalleController.swift */; };
		E0F6CF232A492C3700F3BB8A /* Stat.swift in Sources */ = {isa = PBXBuildFile; fileRef = E0F6CF222A492C3700F3BB8A /* Stat.swift */; };
		E0F6CF252A4932DD00F3BB8A /* TiposController.swift in Sources */ = {isa = PBXBuildFile; fileRef = E0F6CF242A4932DD00F3BB8A /* TiposController.swift */; };
		E0F92E322A493682001FD57A /* tipoCell.swift in Sources */ = {isa = PBXBuildFile; fileRef = E0F92E302A493682001FD57A /* tipoCell.swift */; };
		E0F92E332A493682001FD57A /* tipoCell.xib in Resources */ = {isa = PBXBuildFile; fileRef = E0F92E312A493682001FD57A /* tipoCell.xib */; };
		E0F92E352A4952AA001FD57A /* porTipoController.swift in Sources */ = {isa = PBXBuildFile; fileRef = E0F92E342A4952AA001FD57A /* porTipoController.swift */; };
/* End PBXBuildFile section */

/* Begin PBXFileReference section */
		E0F6CEEF2A490AF400F3BB8A /* PokeApi.app */ = {isa = PBXFileReference; explicitFileType = wrapper.application; includeInIndex = 0; path = PokeApi.app; sourceTree = BUILT_PRODUCTS_DIR; };
		E0F6CEF22A490AF400F3BB8A /* AppDelegate.swift */ = {isa = PBXFileReference; lastKnownFileType = sourcecode.swift; path = AppDelegate.swift; sourceTree = "<group>"; };
		E0F6CEF42A490AF400F3BB8A /* SceneDelegate.swift */ = {isa = PBXFileReference; lastKnownFileType = sourcecode.swift; path = SceneDelegate.swift; sourceTree = "<group>"; };
		E0F6CEF62A490AF400F3BB8A /* ViewController.swift */ = {isa = PBXFileReference; lastKnownFileType = sourcecode.swift; path = ViewController.swift; sourceTree = "<group>"; };
		E0F6CEF92A490AF400F3BB8A /* Base */ = {isa = PBXFileReference; lastKnownFileType = file.storyboard; name = Base; path = Base.lproj/Main.storyboard; sourceTree = "<group>"; };
		E0F6CEFB2A490AF500F3BB8A /* Assets.xcassets */ = {isa = PBXFileReference; lastKnownFileType = folder.assetcatalog; path = Assets.xcassets; sourceTree = "<group>"; };
		E0F6CEFE2A490AF500F3BB8A /* Base */ = {isa = PBXFileReference; lastKnownFileType = file.storyboard; name = Base; path = Base.lproj/LaunchScreen.storyboard; sourceTree = "<group>"; };
		E0F6CF002A490AF500F3BB8A /* Info.plist */ = {isa = PBXFileReference; lastKnownFileType = text.plist.xml; path = Info.plist; sourceTree = "<group>"; };
		E0F6CF0B2A490B6E00F3BB8A /* PokemonViewModel.swift */ = {isa = PBXFileReference; lastKnownFileType = sourcecode.swift; path = PokemonViewModel.swift; sourceTree = "<group>"; };
		E0F6CF0D2A490C1200F3BB8A /* PokemonController.swift */ = {isa = PBXFileReference; lastKnownFileType = sourcecode.swift; path = PokemonController.swift; sourceTree = "<group>"; };
		E0F6CF0F2A490DDB00F3BB8A /* Pokemon.swift */ = {isa = PBXFileReference; lastKnownFileType = sourcecode.swift; path = Pokemon.swift; sourceTree = "<group>"; };
		E0F6CF112A490E4000F3BB8A /* Pokemones.swift */ = {isa = PBXFileReference; lastKnownFileType = sourcecode.swift; path = Pokemones.swift; sourceTree = "<group>"; };
		E0F6CF132A490E7500F3BB8A /* Tipo.swift */ = {isa = PBXFileReference; lastKnownFileType = sourcecode.swift; path = Tipo.swift; sourceTree = "<group>"; };
		E0F6CF152A490EA000F3BB8A /* Result.swift */ = {isa = PBXFileReference; lastKnownFileType = sourcecode.swift; path = Result.swift; sourceTree = "<group>"; };
		E0F6CF1A2A49103E00F3BB8A /* pokemonCell.swift */ = {isa = PBXFileReference; lastKnownFileType = sourcecode.swift; path = pokemonCell.swift; sourceTree = "<group>"; };
		E0F6CF1B2A49103E00F3BB8A /* pokemonCell.xib */ = {isa = PBXFileReference; lastKnownFileType = file.xib; path = pokemonCell.xib; sourceTree = "<group>"; };
		E0F6CF202A4924FD00F3BB8A /* DetalleController.swift */ = {isa = PBXFileReference; lastKnownFileType = sourcecode.swift; path = DetalleController.swift; sourceTree = "<group>"; };
		E0F6CF222A492C3700F3BB8A /* Stat.swift */ = {isa = PBXFileReference; lastKnownFileType = sourcecode.swift; path = Stat.swift; sourceTree = "<group>"; };
		E0F6CF242A4932DD00F3BB8A /* TiposController.swift */ = {isa = PBXFileReference; lastKnownFileType = sourcecode.swift; path = TiposController.swift; sourceTree = "<group>"; };
		E0F92E302A493682001FD57A /* tipoCell.swift */ = {isa = PBXFileReference; lastKnownFileType = sourcecode.swift; path = tipoCell.swift; sourceTree = "<group>"; };
		E0F92E312A493682001FD57A /* tipoCell.xib */ = {isa = PBXFileReference; lastKnownFileType = file.xib; path = tipoCell.xib; sourceTree = "<group>"; };
		E0F92E342A4952AA001FD57A /* porTipoController.swift */ = {isa = PBXFileReference; lastKnownFileType = sourcecode.swift; path = porTipoController.swift; sourceTree = "<group>"; };
/* End PBXFileReference section */

/* Begin PBXFrameworksBuildPhase section */
		E0F6CEEC2A490AF400F3BB8A /* Frameworks */ = {
			isa = PBXFrameworksBuildPhase;
			buildActionMask = 2147483647;
			files = (
			);
			runOnlyForDeploymentPostprocessing = 0;
		};
/* End PBXFrameworksBuildPhase section */

/* Begin PBXGroup section */
		E0F6CEE62A490AF400F3BB8A = {
			isa = PBXGroup;
			children = (
				E0F6CEF12A490AF400F3BB8A /* PokeApi */,
				E0F6CEF02A490AF400F3BB8A /* Products */,
			);
			sourceTree = "<group>";
		};
		E0F6CEF02A490AF400F3BB8A /* Products */ = {
			isa = PBXGroup;
			children = (
				E0F6CEEF2A490AF400F3BB8A /* PokeApi.app */,
			);
			name = Products;
			sourceTree = "<group>";
		};
		E0F6CEF12A490AF400F3BB8A /* PokeApi */ = {
			isa = PBXGroup;
			children = (
				E0F6CF0A2A490B4500F3BB8A /* ViewModel */,
				E0F6CF092A490B3100F3BB8A /* Controller */,
				E0F6CF082A490B2500F3BB8A /* Model */,
				E0F6CF072A490B1900F3BB8A /* View */,
				E0F6CEF22A490AF400F3BB8A /* AppDelegate.swift */,
				E0F6CEF42A490AF400F3BB8A /* SceneDelegate.swift */,
				E0F6CEF62A490AF400F3BB8A /* ViewController.swift */,
				E0F6CEFB2A490AF500F3BB8A /* Assets.xcassets */,
				E0F6CEFD2A490AF500F3BB8A /* LaunchScreen.storyboard */,
				E0F6CF002A490AF500F3BB8A /* Info.plist */,
			);
			path = PokeApi;
			sourceTree = "<group>";
		};
		E0F6CF072A490B1900F3BB8A /* View */ = {
			isa = PBXGroup;
			children = (
				E0F6CF192A49102C00F3BB8A /* Cell */,
				E0F6CEF82A490AF400F3BB8A /* Main.storyboard */,
			);
			path = View;
			sourceTree = "<group>";
		};
		E0F6CF082A490B2500F3BB8A /* Model */ = {
			isa = PBXGroup;
			children = (
				E0F6CF0F2A490DDB00F3BB8A /* Pokemon.swift */,
				E0F6CF112A490E4000F3BB8A /* Pokemones.swift */,
				E0F6CF132A490E7500F3BB8A /* Tipo.swift */,
				E0F6CF152A490EA000F3BB8A /* Result.swift */,
				E0F6CF222A492C3700F3BB8A /* Stat.swift */,
			);
			path = Model;
			sourceTree = "<group>";
		};
		E0F6CF092A490B3100F3BB8A /* Controller */ = {
			isa = PBXGroup;
			children = (
				E0F6CF0D2A490C1200F3BB8A /* PokemonController.swift */,
				E0F6CF202A4924FD00F3BB8A /* DetalleController.swift */,
				E0F6CF242A4932DD00F3BB8A /* TiposController.swift */,
				E0F92E342A4952AA001FD57A /* porTipoController.swift */,
			);
			path = Controller;
			sourceTree = "<group>";
		};
		E0F6CF0A2A490B4500F3BB8A /* ViewModel */ = {
			isa = PBXGroup;
			children = (
				E0F6CF0B2A490B6E00F3BB8A /* PokemonViewModel.swift */,
			);
			path = ViewModel;
			sourceTree = "<group>";
		};
		E0F6CF192A49102C00F3BB8A /* Cell */ = {
			isa = PBXGroup;
			children = (
				E0F6CF1A2A49103E00F3BB8A /* pokemonCell.swift */,
				E0F6CF1B2A49103E00F3BB8A /* pokemonCell.xib */,
				E0F92E302A493682001FD57A /* tipoCell.swift */,
				E0F92E312A493682001FD57A /* tipoCell.xib */,
			);
			path = Cell;
			sourceTree = "<group>";
		};
/* End PBXGroup section */

/* Begin PBXNativeTarget section */
		E0F6CEEE2A490AF400F3BB8A /* PokeApi */ = {
			isa = PBXNativeTarget;
			buildConfigurationList = E0F6CF032A490AF500F3BB8A /* Build configuration list for PBXNativeTarget "PokeApi" */;
			buildPhases = (
				E0F6CEEB2A490AF400F3BB8A /* Sources */,
				E0F6CEEC2A490AF400F3BB8A /* Frameworks */,
				E0F6CEED2A490AF400F3BB8A /* Resources */,
			);
			buildRules = (
			);
			dependencies = (
			);
			name = PokeApi;
			productName = PokeApi;
			productReference = E0F6CEEF2A490AF400F3BB8A /* PokeApi.app */;
			productType = "com.apple.product-type.application";
		};
/* End PBXNativeTarget section */

/* Begin PBXProject section */
		E0F6CEE72A490AF400F3BB8A /* Project object */ = {
			isa = PBXProject;
			attributes = {
				BuildIndependentTargetsInParallel = 1;
				LastSwiftUpdateCheck = 1430;
				LastUpgradeCheck = 1430;
				TargetAttributes = {
					E0F6CEEE2A490AF400F3BB8A = {
						CreatedOnToolsVersion = 14.3;
					};
				};
			};
			buildConfigurationList = E0F6CEEA2A490AF400F3BB8A /* Build configuration list for PBXProject "PokeApi" */;
			compatibilityVersion = "Xcode 14.0";
			developmentRegion = en;
			hasScannedForEncodings = 0;
			knownRegions = (
				en,
				Base,
			);
			mainGroup = E0F6CEE62A490AF400F3BB8A;
			productRefGroup = E0F6CEF02A490AF400F3BB8A /* Products */;
			projectDirPath = "";
			projectRoot = "";
			targets = (
				E0F6CEEE2A490AF400F3BB8A /* PokeApi */,
			);
		};
/* End PBXProject section */

/* Begin PBXResourcesBuildPhase section */
		E0F6CEED2A490AF400F3BB8A /* Resources */ = {
			isa = PBXResourcesBuildPhase;
			buildActionMask = 2147483647;
			files = (
				E0F6CEFF2A490AF500F3BB8A /* LaunchScreen.storyboard in Resources */,
				E0F6CF1D2A49103E00F3BB8A /* pokemonCell.xib in Resources */,
				E0F6CEFC2A490AF500F3BB8A /* Assets.xcassets in Resources */,
				E0F6CEFA2A490AF400F3BB8A /* Main.storyboard in Resources */,
				E0F92E332A493682001FD57A /* tipoCell.xib in Resources */,
			);
			runOnlyForDeploymentPostprocessing = 0;
		};
/* End PBXResourcesBuildPhase section */

/* Begin PBXSourcesBuildPhase section */
		E0F6CEEB2A490AF400F3BB8A /* Sources */ = {
			isa = PBXSourcesBuildPhase;
			buildActionMask = 2147483647;
			files = (
				E0F6CF162A490EA000F3BB8A /* Result.swift in Sources */,
				E0F6CEF72A490AF400F3BB8A /* ViewController.swift in Sources */,
				E0F6CF142A490E7500F3BB8A /* Tipo.swift in Sources */,
				E0F6CEF32A490AF400F3BB8A /* AppDelegate.swift in Sources */,
				E0F92E352A4952AA001FD57A /* porTipoController.swift in Sources */,
				E0F6CF0C2A490B6E00F3BB8A /* PokemonViewModel.swift in Sources */,
				E0F6CF1C2A49103E00F3BB8A /* pokemonCell.swift in Sources */,
				E0F6CF212A4924FD00F3BB8A /* DetalleController.swift in Sources */,
				E0F6CF252A4932DD00F3BB8A /* TiposController.swift in Sources */,
				E0F6CEF52A490AF400F3BB8A /* SceneDelegate.swift in Sources */,
				E0F6CF0E2A490C1200F3BB8A /* PokemonController.swift in Sources */,
				E0F6CF232A492C3700F3BB8A /* Stat.swift in Sources */,
				E0F6CF122A490E4000F3BB8A /* Pokemones.swift in Sources */,
				E0F6CF102A490DDB00F3BB8A /* Pokemon.swift in Sources */,
				E0F92E322A493682001FD57A /* tipoCell.swift in Sources */,
			);
			runOnlyForDeploymentPostprocessing = 0;
		};
/* End PBXSourcesBuildPhase section */

/* Begin PBXVariantGroup section */
		E0F6CEF82A490AF400F3BB8A /* Main.storyboard */ = {
			isa = PBXVariantGroup;
			children = (
				E0F6CEF92A490AF400F3BB8A /* Base */,
			);
			name = Main.storyboard;
			sourceTree = "<group>";
		};
		E0F6CEFD2A490AF500F3BB8A /* LaunchScreen.storyboard */ = {
			isa = PBXVariantGroup;
			children = (
				E0F6CEFE2A490AF500F3BB8A /* Base */,
			);
			name = LaunchScreen.storyboard;
			sourceTree = "<group>";
		};
/* End PBXVariantGroup section */

/* Begin XCBuildConfiguration section */
		E0F6CF012A490AF500F3BB8A /* Debug */ = {
			isa = XCBuildConfiguration;
			buildSettings = {
				ALWAYS_SEARCH_USER_PATHS = NO;
				CLANG_ANALYZER_NONNULL = YES;
				CLANG_ANALYZER_NUMBER_OBJECT_CONVERSION = YES_AGGRESSIVE;
				CLANG_CXX_LANGUAGE_STANDARD = "gnu++20";
				CLANG_ENABLE_MODULES = YES;
				CLANG_ENABLE_OBJC_ARC = YES;
				CLANG_ENABLE_OBJC_WEAK = YES;
				CLANG_WARN_BLOCK_CAPTURE_AUTORELEASING = YES;
				CLANG_WARN_BOOL_CONVERSION = YES;
				CLANG_WARN_COMMA = YES;
				CLANG_WARN_CONSTANT_CONVERSION = YES;
				CLANG_WARN_DEPRECATED_OBJC_IMPLEMENTATIONS = YES;
				CLANG_WARN_DIRECT_OBJC_ISA_USAGE = YES_ERROR;
				CLANG_WARN_DOCUMENTATION_COMMENTS = YES;
				CLANG_WARN_EMPTY_BODY = YES;
				CLANG_WARN_ENUM_CONVERSION = YES;
				CLANG_WARN_INFINITE_RECURSION = YES;
				CLANG_WARN_INT_CONVERSION = YES;
				CLANG_WARN_NON_LITERAL_NULL_CONVERSION = YES;
				CLANG_WARN_OBJC_IMPLICIT_RETAIN_SELF = YES;
				CLANG_WARN_OBJC_LITERAL_CONVERSION = YES;
				CLANG_WARN_OBJC_ROOT_CLASS = YES_ERROR;
				CLANG_WARN_QUOTED_INCLUDE_IN_FRAMEWORK_HEADER = YES;
				CLANG_WARN_RANGE_LOOP_ANALYSIS = YES;
				CLANG_WARN_STRICT_PROTOTYPES = YES;
				CLANG_WARN_SUSPICIOUS_MOVE = YES;
				CLANG_WARN_UNGUARDED_AVAILABILITY = YES_AGGRESSIVE;
				CLANG_WARN_UNREACHABLE_CODE = YES;
				CLANG_WARN__DUPLICATE_METHOD_MATCH = YES;
				COPY_PHASE_STRIP = NO;
				DEBUG_INFORMATION_FORMAT = dwarf;
				ENABLE_STRICT_OBJC_MSGSEND = YES;
				ENABLE_TESTABILITY = YES;
				GCC_C_LANGUAGE_STANDARD = gnu11;
				GCC_DYNAMIC_NO_PIC = NO;
				GCC_NO_COMMON_BLOCKS = YES;
				GCC_OPTIMIZATION_LEVEL = 0;
				GCC_PREPROCESSOR_DEFINITIONS = (
					"DEBUG=1",
					"$(inherited)",
				);
				GCC_WARN_64_TO_32_BIT_CONVERSION = YES;
				GCC_WARN_ABOUT_RETURN_TYPE = YES_ERROR;
				GCC_WARN_UNDECLARED_SELECTOR = YES;
				GCC_WARN_UNINITIALIZED_AUTOS = YES_AGGRESSIVE;
				GCC_WARN_UNUSED_FUNCTION = YES;
				GCC_WARN_UNUSED_VARIABLE = YES;
				IPHONEOS_DEPLOYMENT_TARGET = 16.4;
				MTL_ENABLE_DEBUG_INFO = INCLUDE_SOURCE;
				MTL_FAST_MATH = YES;
				ONLY_ACTIVE_ARCH = YES;
				SDKROOT = iphoneos;
				SWIFT_ACTIVE_COMPILATION_CONDITIONS = DEBUG;
				SWIFT_OPTIMIZATION_LEVEL = "-Onone";
			};
			name = Debug;
		};
		E0F6CF022A490AF500F3BB8A /* Release */ = {
			isa = XCBuildConfiguration;
			buildSettings = {
				ALWAYS_SEARCH_USER_PATHS = NO;
				CLANG_ANALYZER_NONNULL = YES;
				CLANG_ANALYZER_NUMBER_OBJECT_CONVERSION = YES_AGGRESSIVE;
				CLANG_CXX_LANGUAGE_STANDARD = "gnu++20";
				CLANG_ENABLE_MODULES = YES;
				CLANG_ENABLE_OBJC_ARC = YES;
				CLANG_ENABLE_OBJC_WEAK = YES;
				CLANG_WARN_BLOCK_CAPTURE_AUTORELEASING = YES;
				CLANG_WARN_BOOL_CONVERSION = YES;
				CLANG_WARN_COMMA = YES;
				CLANG_WARN_CONSTANT_CONVERSION = YES;
				CLANG_WARN_DEPRECATED_OBJC_IMPLEMENTATIONS = YES;
				CLANG_WARN_DIRECT_OBJC_ISA_USAGE = YES_ERROR;
				CLANG_WARN_DOCUMENTATION_COMMENTS = YES;
				CLANG_WARN_EMPTY_BODY = YES;
				CLANG_WARN_ENUM_CONVERSION = YES;
				CLANG_WARN_INFINITE_RECURSION = YES;
				CLANG_WARN_INT_CONVERSION = YES;
				CLANG_WARN_NON_LITERAL_NULL_CONVERSION = YES;
				CLANG_WARN_OBJC_IMPLICIT_RETAIN_SELF = YES;
				CLANG_WARN_OBJC_LITERAL_CONVERSION = YES;
				CLANG_WARN_OBJC_ROOT_CLASS = YES_ERROR;
				CLANG_WARN_QUOTED_INCLUDE_IN_FRAMEWORK_HEADER = YES;
				CLANG_WARN_RANGE_LOOP_ANALYSIS = YES;
				CLANG_WARN_STRICT_PROTOTYPES = YES;
				CLANG_WARN_SUSPICIOUS_MOVE = YES;
				CLANG_WARN_UNGUARDED_AVAILABILITY = YES_AGGRESSIVE;
				CLANG_WARN_UNREACHABLE_CODE = YES;
				CLANG_WARN__DUPLICATE_METHOD_MATCH = YES;
				COPY_PHASE_STRIP = NO;
				DEBUG_INFORMATION_FORMAT = "dwarf-with-dsym";
				ENABLE_NS_ASSERTIONS = NO;
				ENABLE_STRICT_OBJC_MSGSEND = YES;
				GCC_C_LANGUAGE_STANDARD = gnu11;
				GCC_NO_COMMON_BLOCKS = YES;
				GCC_WARN_64_TO_32_BIT_CONVERSION = YES;
				GCC_WARN_ABOUT_RETURN_TYPE = YES_ERROR;
				GCC_WARN_UNDECLARED_SELECTOR = YES;
				GCC_WARN_UNINITIALIZED_AUTOS = YES_AGGRESSIVE;
				GCC_WARN_UNUSED_FUNCTION = YES;
				GCC_WARN_UNUSED_VARIABLE = YES;
				IPHONEOS_DEPLOYMENT_TARGET = 16.4;
				MTL_ENABLE_DEBUG_INFO = NO;
				MTL_FAST_MATH = YES;
				SDKROOT = iphoneos;
				SWIFT_COMPILATION_MODE = wholemodule;
				SWIFT_OPTIMIZATION_LEVEL = "-O";
				VALIDATE_PRODUCT = YES;
			};
			name = Release;
		};
		E0F6CF042A490AF500F3BB8A /* Debug */ = {
			isa = XCBuildConfiguration;
			buildSettings = {
				ASSETCATALOG_COMPILER_APPICON_NAME = AppIcon;
				ASSETCATALOG_COMPILER_GLOBAL_ACCENT_COLOR_NAME = AccentColor;
				CODE_SIGN_STYLE = Automatic;
				CURRENT_PROJECT_VERSION = 1;
				DEVELOPMENT_TEAM = APP2PA6P6L;
				GENERATE_INFOPLIST_FILE = YES;
				INFOPLIST_FILE = PokeApi/Info.plist;
				INFOPLIST_KEY_UIApplicationSupportsIndirectInputEvents = YES;
				INFOPLIST_KEY_UILaunchStoryboardName = LaunchScreen;
				INFOPLIST_KEY_UIMainStoryboardFile = Main;
				INFOPLIST_KEY_UISupportedInterfaceOrientations_iPad = "UIInterfaceOrientationPortrait UIInterfaceOrientationPortraitUpsideDown UIInterfaceOrientationLandscapeLeft UIInterfaceOrientationLandscapeRight";
				INFOPLIST_KEY_UISupportedInterfaceOrientations_iPhone = "UIInterfaceOrientationPortrait UIInterfaceOrientationLandscapeLeft UIInterfaceOrientationLandscapeRight";
				LD_RUNPATH_SEARCH_PATHS = (
					"$(inherited)",
					"@executable_path/Frameworks",
				);
				MARKETING_VERSION = 1.0;
				PRODUCT_BUNDLE_IDENTIFIER = com.DIGIS.PokeAoi.PokeApi;
				PRODUCT_NAME = "$(TARGET_NAME)";
				SWIFT_EMIT_LOC_STRINGS = YES;
				SWIFT_VERSION = 5.0;
				TARGETED_DEVICE_FAMILY = "1,2";
			};
			name = Debug;
		};
		E0F6CF052A490AF500F3BB8A /* Release */ = {
			isa = XCBuildConfiguration;
			buildSettings = {
				ASSETCATALOG_COMPILER_APPICON_NAME = AppIcon;
				ASSETCATALOG_COMPILER_GLOBAL_ACCENT_COLOR_NAME = AccentColor;
				CODE_SIGN_STYLE = Automatic;
				CURRENT_PROJECT_VERSION = 1;
				DEVELOPMENT_TEAM = APP2PA6P6L;
				GENERATE_INFOPLIST_FILE = YES;
				INFOPLIST_FILE = PokeApi/Info.plist;
				INFOPLIST_KEY_UIApplicationSupportsIndirectInputEvents = YES;
				INFOPLIST_KEY_UILaunchStoryboardName = LaunchScreen;
				INFOPLIST_KEY_UIMainStoryboardFile = Main;
				INFOPLIST_KEY_UISupportedInterfaceOrientations_iPad = "UIInterfaceOrientationPortrait UIInterfaceOrientationPortraitUpsideDown UIInterfaceOrientationLandscapeLeft UIInterfaceOrientationLandscapeRight";
				INFOPLIST_KEY_UISupportedInterfaceOrientations_iPhone = "UIInterfaceOrientationPortrait UIInterfaceOrientationLandscapeLeft UIInterfaceOrientationLandscapeRight";
				LD_RUNPATH_SEARCH_PATHS = (
					"$(inherited)",
					"@executable_path/Frameworks",
				);
				MARKETING_VERSION = 1.0;
				PRODUCT_BUNDLE_IDENTIFIER = com.DIGIS.PokeAoi.PokeApi;
				PRODUCT_NAME = "$(TARGET_NAME)";
				SWIFT_EMIT_LOC_STRINGS = YES;
				SWIFT_VERSION = 5.0;
				TARGETED_DEVICE_FAMILY = "1,2";
			};
			name = Release;
		};
/* End XCBuildConfiguration section */

/* Begin XCConfigurationList section */
		E0F6CEEA2A490AF400F3BB8A /* Build configuration list for PBXProject "PokeApi" */ = {
			isa = XCConfigurationList;
			buildConfigurations = (
				E0F6CF012A490AF500F3BB8A /* Debug */,
				E0F6CF022A490AF500F3BB8A /* Release */,
			);
			defaultConfigurationIsVisible = 0;
			defaultConfigurationName = Release;
		};
		E0F6CF032A490AF500F3BB8A /* Build configuration list for PBXNativeTarget "PokeApi" */ = {
			isa = XCConfigurationList;
			buildConfigurations = (
				E0F6CF042A490AF500F3BB8A /* Debug */,
				E0F6CF052A490AF500F3BB8A /* Release */,
			);
			defaultConfigurationIsVisible = 0;
			defaultConfigurationName = Release;
		};
/* End XCConfigurationList section */
	};
	rootObject = E0F6CEE72A490AF400F3BB8A /* Project object */;
}
